{
  "name": "pkg-test",
  "version": "1.0.0",
  "lockfileVersion": 1,
  "requires": true,
  "dependencies": {
    "leinaldo-cli": {
      "version": "1.0.2",
      "resolved": "https://registry.npmjs.org/leinaldo-cli/-/leinaldo-cli-1.0.2.tgz",
      "integrity": "sha512-Eejs1DUHSfHp4HcRd09PrPBNFcd4dWylenkX4LT0Tj9g1F73mgndJw4YuSl4MbpvJckUXX68/IoVjyKE7nI2Rw=="
    }
  }
}
