{
  "name": "pkg-test",
  "version": "1.0.0",
  "lockfileVersion": 1,
  "requires": true,
  "dependencies": {
    "leinaldo-cli": {
      "version": "1.0.1",
      "resolved": "https://registry.npmjs.org/leinaldo-cli/-/leinaldo-cli-1.0.1.tgz",
      "integrity": "sha512-bY+XIu4NWImc/AesiFIu+mZZlgAdZKnXKKCQ2W9zhMkI40C/nsw6P97Rc86WxY2a5QBYULLx8iB7SXa+qkCcGQ=="
    }
  }
}
